// !$*UTF8*$!
{
	archiveVersion = 1;
	classes = {
	};
	objectVersion = 56;
	objects = {

/* Begin PBXBuildFile section */
		4979889C2CAEF8B7004113AF /* MatchGame.swift in Sources */ = {isa = PBXBuildFile; fileRef = 4979889B2CAEF8B7004113AF /* MatchGame.swift */; };
		49C93FA82CAC4C1500D324C9 /* AppDelegate.swift in Sources */ = {isa = PBXBuildFile; fileRef = 49C93FA72CAC4C1500D324C9 /* AppDelegate.swift */; };
		49C93FAA2CAC4C1500D324C9 /* SceneDelegate.swift in Sources */ = {isa = PBXBuildFile; fileRef = 49C93FA92CAC4C1500D324C9 /* SceneDelegate.swift */; };
		49C93FAC2CAC4C1500D324C9 /* ViewController.swift in Sources */ = {isa = PBXBuildFile; fileRef = 49C93FAB2CAC4C1500D324C9 /* ViewController.swift */; };
		49C93FAF2CAC4C1500D324C9 /* Main.storyboard in Resources */ = {isa = PBXBuildFile; fileRef = 49C93FAD2CAC4C1500D324C9 /* Main.storyboard */; };
		49C93FB12CAC4C1700D324C9 /* Assets.xcassets in Resources */ = {isa = PBXBuildFile; fileRef = 49C93FB02CAC4C1700D324C9 /* Assets.xcassets */; };
		49C93FB42CAC4C1700D324C9 /* LaunchScreen.storyboard in Resources */ = {isa = PBXBuildFile; fileRef = 49C93FB22CAC4C1700D324C9 /* LaunchScreen.storyboard */; };
		49C93FBF2CAC4C1700D324C9 /* MatchGameInClassTests.swift in Sources */ = {isa = PBXBuildFile; fileRef = 49C93FBE2CAC4C1700D324C9 /* MatchGameInClassTests.swift */; };
		49C93FC92CAC4C1700D324C9 /* MatchGameInClassUITests.swift in Sources */ = {isa = PBXBuildFile; fileRef = 49C93FC82CAC4C1700D324C9 /* MatchGameInClassUITests.swift */; };
		49C93FCB2CAC4C1700D324C9 /* MatchGameInClassUITestsLaunchTests.swift in Sources */ = {isa = PBXBuildFile; fileRef = 49C93FCA2CAC4C1700D324C9 /* MatchGameInClassUITestsLaunchTests.swift */; };
/* End PBXBuildFile section */

/* Begin PBXContainerItemProxy section */
		49C93FBB2CAC4C1700D324C9 /* PBXContainerItemProxy */ = {
			isa = PBXContainerItemProxy;
			containerPortal = 49C93F9C2CAC4C1500D324C9 /* Project object */;
			proxyType = 1;
			remoteGlobalIDString = 49C93FA32CAC4C1500D324C9;
			remoteInfo = MatchGameInClass;
		};
		49C93FC52CAC4C1700D324C9 /* PBXContainerItemProxy */ = {
			isa = PBXContainerItemProxy;
			containerPortal = 49C93F9C2CAC4C1500D324C9 /* Project object */;
			proxyType = 1;
			remoteGlobalIDString = 49C93FA32CAC4C1500D324C9;
			remoteInfo = MatchGameInClass;
		};
/* End PBXContainerItemProxy section */

/* Begin PBXFileReference section */
		497988982CAEDEE0004113AF /* MatchGame.playground */ = {isa = PBXFileReference; lastKnownFileType = file.playground; name = MatchGame.playground; path = ../MatchGame.playground; sourceTree = "<group>"; xcLanguageSpecificationIdentifier = xcode.lang.swift; };
		4979889B2CAEF8B7004113AF /* MatchGame.swift */ = {isa = PBXFileReference; lastKnownFileType = sourcecode.swift; path = MatchGame.swift; sourceTree = "<group>"; };
		49C93FA42CAC4C1500D324C9 /* MatchGameInClass.app */ = {isa = PBXFileReference; explicitFileType = wrapper.application; includeInIndex = 0; path = MatchGameInClass.app; sourceTree = BUILT_PRODUCTS_DIR; };
		49C93FA72CAC4C1500D324C9 /* AppDelegate.swift */ = {isa = PBXFileReference; lastKnownFileType = sourcecode.swift; path = AppDelegate.swift; sourceTree = "<group>"; };
		49C93FA92CAC4C1500D324C9 /* SceneDelegate.swift */ = {isa = PBXFileReference; lastKnownFileType = sourcecode.swift; path = SceneDelegate.swift; sourceTree = "<group>"; };
		49C93FAB2CAC4C1500D324C9 /* ViewController.swift */ = {isa = PBXFileReference; lastKnownFileType = sourcecode.swift; path = ViewController.swift; sourceTree = "<group>"; };
		49C93FAE2CAC4C1500D324C9 /* Base */ = {isa = PBXFileReference; lastKnownFileType = file.storyboard; name = Base; path = Base.lproj/Main.storyboard; sourceTree = "<group>"; };
		49C93FB02CAC4C1700D324C9 /* Assets.xcassets */ = {isa = PBXFileReference; lastKnownFileType = folder.assetcatalog; path = Assets.xcassets; sourceTree = "<group>"; };
		49C93FB32CAC4C1700D324C9 /* Base */ = {isa = PBXFileReference; lastKnownFileType = file.storyboard; name = Base; path = Base.lproj/LaunchScreen.storyboard; sourceTree = "<group>"; };
		49C93FB52CAC4C1700D324C9 /* Info.plist */ = {isa = PBXFileReference; lastKnownFileType = text.plist.xml; path = Info.plist; sourceTree = "<group>"; };
		49C93FBA2CAC4C1700D324C9 /* MatchGameInClassTests.xctest */ = {isa = PBXFileReference; explicitFileType = wrapper.cfbundle; includeInIndex = 0; path = MatchGameInClassTests.xctest; sourceTree = BUILT_PRODUCTS_DIR; };
		49C93FBE2CAC4C1700D324C9 /* MatchGameInClassTests.swift */ = {isa = PBXFileReference; lastKnownFileType = sourcecode.swift; path = MatchGameInClassTests.swift; sourceTree = "<group>"; };
		49C93FC42CAC4C1700D324C9 /* MatchGameInClassUITests.xctest */ = {isa = PBXFileReference; explicitFileType = wrapper.cfbundle; includeInIndex = 0; path = MatchGameInClassUITests.xctest; sourceTree = BUILT_PRODUCTS_DIR; };
		49C93FC82CAC4C1700D324C9 /* MatchGameInClassUITests.swift */ = {isa = PBXFileReference; lastKnownFileType = sourcecode.swift; path = MatchGameInClassUITests.swift; sourceTree = "<group>"; };
		49C93FCA2CAC4C1700D324C9 /* MatchGameInClassUITestsLaunchTests.swift */ = {isa = PBXFileReference; lastKnownFileType = sourcecode.swift; path = MatchGameInClassUITestsLaunchTests.swift; sourceTree = "<group>"; };
/* End PBXFileReference section */

/* Begin PBXFrameworksBuildPhase section */
		49C93FA12CAC4C1500D324C9 /* Frameworks */ = {
			isa = PBXFrameworksBuildPhase;
			buildActionMask = 2147483647;
			files = (
			);
			runOnlyForDeploymentPostprocessing = 0;
		};
		49C93FB72CAC4C1700D324C9 /* Frameworks */ = {
			isa = PBXFrameworksBuildPhase;
			buildActionMask = 2147483647;
			files = (
			);
			runOnlyForDeploymentPostprocessing = 0;
		};
		49C93FC12CAC4C1700D324C9 /* Frameworks */ = {
			isa = PBXFrameworksBuildPhase;
			buildActionMask = 2147483647;
			files = (
			);
			runOnlyForDeploymentPostprocessing = 0;
		};
/* End PBXFrameworksBuildPhase section */

/* Begin PBXGroup section */
		49C93F9B2CAC4C1500D324C9 = {
			isa = PBXGroup;
			children = (
				497988982CAEDEE0004113AF /* MatchGame.playground */,
				49C93FA62CAC4C1500D324C9 /* MatchGameInClass */,
				49C93FBD2CAC4C1700D324C9 /* MatchGameInClassTests */,
				49C93FC72CAC4C1700D324C9 /* MatchGameInClassUITests */,
				49C93FA52CAC4C1500D324C9 /* Products */,
			);
			sourceTree = "<group>";
		};
		49C93FA52CAC4C1500D324C9 /* Products */ = {
			isa = PBXGroup;
			children = (
				49C93FA42CAC4C1500D324C9 /* MatchGameInClass.app */,
				49C93FBA2CAC4C1700D324C9 /* MatchGameInClassTests.xctest */,
				49C93FC42CAC4C1700D324C9 /* MatchGameInClassUITests.xctest */,
			);
			name = Products;
			sourceTree = "<group>";
		};
		49C93FA62CAC4C1500D324C9 /* MatchGameInClass */ = {
			isa = PBXGroup;
			children = (
				49C93FA72CAC4C1500D324C9 /* AppDelegate.swift */,
				4979889B2CAEF8B7004113AF /* MatchGame.swift */,
				49C93FA92CAC4C1500D324C9 /* SceneDelegate.swift */,
				49C93FAB2CAC4C1500D324C9 /* ViewController.swift */,
				49C93FAD2CAC4C1500D324C9 /* Main.storyboard */,
				49C93FB02CAC4C1700D324C9 /* Assets.xcassets */,
				49C93FB22CAC4C1700D324C9 /* LaunchScreen.storyboard */,
				49C93FB52CAC4C1700D324C9 /* Info.plist */,
			);
			path = MatchGameInClass;
			sourceTree = "<group>";
		};
		49C93FBD2CAC4C1700D324C9 /* MatchGameInClassTests */ = {
			isa = PBXGroup;
			children = (
				49C93FBE2CAC4C1700D324C9 /* MatchGameInClassTests.swift */,
			);
			path = MatchGameInClassTests;
			sourceTree = "<group>";
		};
		49C93FC72CAC4C1700D324C9 /* MatchGameInClassUITests */ = {
			isa = PBXGroup;
			children = (
				49C93FC82CAC4C1700D324C9 /* MatchGameInClassUITests.swift */,
				49C93FCA2CAC4C1700D324C9 /* MatchGameInClassUITestsLaunchTests.swift */,
			);
			path = MatchGameInClassUITests;
			sourceTree = "<group>";
		};
/* End PBXGroup section */

/* Begin PBXNativeTarget section */
		49C93FA32CAC4C1500D324C9 /* MatchGameInClass */ = {
			isa = PBXNativeTarget;
			buildConfigurationList = 49C93FCE2CAC4C1700D324C9 /* Build configuration list for PBXNativeTarget "MatchGameInClass" */;
			buildPhases = (
				49C93FA02CAC4C1500D324C9 /* Sources */,
				49C93FA12CAC4C1500D324C9 /* Frameworks */,
				49C93FA22CAC4C1500D324C9 /* Resources */,
			);
			buildRules = (
			);
			dependencies = (
			);
			name = MatchGameInClass;
			productName = MatchGameInClass;
			productReference = 49C93FA42CAC4C1500D324C9 /* MatchGameInClass.app */;
			productType = "com.apple.product-type.application";
		};
		49C93FB92CAC4C1700D324C9 /* MatchGameInClassTests */ = {
			isa = PBXNativeTarget;
			buildConfigurationList = 49C93FD12CAC4C1700D324C9 /* Build configuration list for PBXNativeTarget "MatchGameInClassTests" */;
			buildPhases = (
				49C93FB62CAC4C1700D324C9 /* Sources */,
				49C93FB72CAC4C1700D324C9 /* Frameworks */,
				49C93FB82CAC4C1700D324C9 /* Resources */,
			);
			buildRules = (
			);
			dependencies = (
				49C93FBC2CAC4C1700D324C9 /* PBXTargetDependency */,
			);
			name = MatchGameInClassTests;
			productName = MatchGameInClassTests;
			productReference = 49C93FBA2CAC4C1700D324C9 /* MatchGameInClassTests.xctest */;
			productType = "com.apple.product-type.bundle.unit-test";
		};
		49C93FC32CAC4C1700D324C9 /* MatchGameInClassUITests */ = {
			isa = PBXNativeTarget;
			buildConfigurationList = 49C93FD42CAC4C1700D324C9 /* Build configuration list for PBXNativeTarget "MatchGameInClassUITests" */;
			buildPhases = (
				49C93FC02CAC4C1700D324C9 /* Sources */,
				49C93FC12CAC4C1700D324C9 /* Frameworks */,
				49C93FC22CAC4C1700D324C9 /* Resources */,
			);
			buildRules = (
			);
			dependencies = (
				49C93FC62CAC4C1700D324C9 /* PBXTargetDependency */,
			);
			name = MatchGameInClassUITests;
			productName = MatchGameInClassUITests;
			productReference = 49C93FC42CAC4C1700D324C9 /* MatchGameInClassUITests.xctest */;
			productType = "com.apple.product-type.bundle.ui-testing";
		};
/* End PBXNativeTarget section */

/* Begin PBXProject section */
		49C93F9C2CAC4C1500D324C9 /* Project object */ = {
			isa = PBXProject;
			attributes = {
				BuildIndependentTargetsInParallel = 1;
				LastSwiftUpdateCheck = 1520;
				LastUpgradeCheck = 1520;
				TargetAttributes = {
					49C93FA32CAC4C1500D324C9 = {
						CreatedOnToolsVersion = 15.2;
					};
					49C93FB92CAC4C1700D324C9 = {
						CreatedOnToolsVersion = 15.2;
						TestTargetID = 49C93FA32CAC4C1500D324C9;
					};
					49C93FC32CAC4C1700D324C9 = {
						CreatedOnToolsVersion = 15.2;
						TestTargetID = 49C93FA32CAC4C1500D324C9;
					};
				};
			};
			buildConfigurationList = 49C93F9F2CAC4C1500D324C9 /* Build configuration list for PBXProject "MatchGameInClass" */;
			compatibilityVersion = "Xcode 14.0";
			developmentRegion = en;
			hasScannedForEncodings = 0;
			knownRegions = (
				en,
				Base,
			);
			mainGroup = 49C93F9B2CAC4C1500D324C9;
			productRefGroup = 49C93FA52CAC4C1500D324C9 /* Products */;
			projectDirPath = "";
			projectRoot = "";
			targets = (
				49C93FA32CAC4C1500D324C9 /* MatchGameInClass */,
				49C93FB92CAC4C1700D324C9 /* MatchGameInClassTests */,
				49C93FC32CAC4C1700D324C9 /* MatchGameInClassUITests */,
			);
		};
/* End PBXProject section */

/* Begin PBXResourcesBuildPhase section */
		49C93FA22CAC4C1500D324C9 /* Resources */ = {
			isa = PBXResourcesBuildPhase;
			buildActionMask = 2147483647;
			files = (
				49C93FB42CAC4C1700D324C9 /* LaunchScreen.storyboard in Resources */,
				49C93FB12CAC4C1700D324C9 /* Assets.xcassets in Resources */,
				49C93FAF2CAC4C1500D324C9 /* Main.storyboard in Resources */,
			);
			runOnlyForDeploymentPostprocessing = 0;
		};
		49C93FB82CAC4C1700D324C9 /* Resources */ = {
			isa = PBXResourcesBuildPhase;
			buildActionMask = 2147483647;
			files = (
			);
			runOnlyForDeploymentPostprocessing = 0;
		};
		49C93FC22CAC4C1700D324C9 /* Resources */ = {
			isa = PBXResourcesBuildPhase;
			buildActionMask = 2147483647;
			files = (
			);
			runOnlyForDeploymentPostprocessing = 0;
		};
/* End PBXResourcesBuildPhase section */

/* Begin PBXSourcesBuildPhase section */
		49C93FA02CAC4C1500D324C9 /* Sources */ = {
			isa = PBXSourcesBuildPhase;
			buildActionMask = 2147483647;
			files = (
				49C93FAC2CAC4C1500D324C9 /* ViewController.swift in Sources */,
				4979889C2CAEF8B7004113AF /* MatchGame.swift in Sources */,
				49C93FA82CAC4C1500D324C9 /* AppDelegate.swift in Sources */,
				49C93FAA2CAC4C1500D324C9 /* SceneDelegate.swift in Sources */,
			);
			runOnlyForDeploymentPostprocessing = 0;
		};
		49C93FB62CAC4C1700D324C9 /* Sources */ = {
			isa = PBXSourcesBuildPhase;
			buildActionMask = 2147483647;
			files = (
				49C93FBF2CAC4C1700D324C9 /* MatchGameInClassTests.swift in Sources */,
			);
			runOnlyForDeploymentPostprocessing = 0;
		};
		49C93FC02CAC4C1700D324C9 /* Sources */ = {
			isa = PBXSourcesBuildPhase;
			buildActionMask = 2147483647;
			files = (
				49C93FCB2CAC4C1700D324C9 /* MatchGameInClassUITestsLaunchTests.swift in Sources */,
				49C93FC92CAC4C1700D324C9 /* MatchGameInClassUITests.swift in Sources */,
			);
			runOnlyForDeploymentPostprocessing = 0;
		};
/* End PBXSourcesBuildPhase section */

/* Begin PBXTargetDependency section */
		49C93FBC2CAC4C1700D324C9 /* PBXTargetDependency */ = {
			isa = PBXTargetDependency;
			target = 49C93FA32CAC4C1500D324C9 /* MatchGameInClass */;
			targetProxy = 49C93FBB2CAC4C1700D324C9 /* PBXContainerItemProxy */;
		};
		49C93FC62CAC4C1700D324C9 /* PBXTargetDependency */ = {
			isa = PBXTargetDependency;
			target = 49C93FA32CAC4C1500D324C9 /* MatchGameInClass */;
			targetProxy = 49C93FC52CAC4C1700D324C9 /* PBXContainerItemProxy */;
		};
/* End PBXTargetDependency section */

/* Begin PBXVariantGroup section */
		49C93FAD2CAC4C1500D324C9 /* Main.storyboard */ = {
			isa = PBXVariantGroup;
			children = (
				49C93FAE2CAC4C1500D324C9 /* Base */,
			);
			name = Main.storyboard;
			sourceTree = "<group>";
		};
		49C93FB22CAC4C1700D324C9 /* LaunchScreen.storyboard */ = {
			isa = PBXVariantGroup;
			children = (
				49C93FB32CAC4C1700D324C9 /* Base */,
			);
			name = LaunchScreen.storyboard;
			sourceTree = "<group>";
		};
/* End PBXVariantGroup section */

/* Begin XCBuildConfiguration section */
		49C93FCC2CAC4C1700D324C9 /* Debug */ = {
			isa = XCBuildConfiguration;
			buildSettings = {
				ALWAYS_SEARCH_USER_PATHS = NO;
				ASSETCATALOG_COMPILER_GENERATE_SWIFT_ASSET_SYMBOL_EXTENSIONS = YES;
				CLANG_ANALYZER_NONNULL = YES;
				CLANG_ANALYZER_NUMBER_OBJECT_CONVERSION = YES_AGGRESSIVE;
				CLANG_CXX_LANGUAGE_STANDARD = "gnu++20";
				CLANG_ENABLE_MODULES = YES;
				CLANG_ENABLE_OBJC_ARC = YES;
				CLANG_ENABLE_OBJC_WEAK = YES;
				CLANG_WARN_BLOCK_CAPTURE_AUTORELEASING = YES;
				CLANG_WARN_BOOL_CONVERSION = YES;
				CLANG_WARN_COMMA = YES;
				CLANG_WARN_CONSTANT_CONVERSION = YES;
				CLANG_WARN_DEPRECATED_OBJC_IMPLEMENTATIONS = YES;
				CLANG_WARN_DIRECT_OBJC_ISA_USAGE = YES_ERROR;
				CLANG_WARN_DOCUMENTATION_COMMENTS = YES;
				CLANG_WARN_EMPTY_BODY = YES;
				CLANG_WARN_ENUM_CONVERSION = YES;
				CLANG_WARN_INFINITE_RECURSION = YES;
				CLANG_WARN_INT_CONVERSION = YES;
				CLANG_WARN_NON_LITERAL_NULL_CONVERSION = YES;
				CLANG_WARN_OBJC_IMPLICIT_RETAIN_SELF = YES;
				CLANG_WARN_OBJC_LITERAL_CONVERSION = YES;
				CLANG_WARN_OBJC_ROOT_CLASS = YES_ERROR;
				CLANG_WARN_QUOTED_INCLUDE_IN_FRAMEWORK_HEADER = YES;
				CLANG_WARN_RANGE_LOOP_ANALYSIS = YES;
				CLANG_WARN_STRICT_PROTOTYPES = YES;
				CLANG_WARN_SUSPICIOUS_MOVE = YES;
				CLANG_WARN_UNGUARDED_AVAILABILITY = YES_AGGRESSIVE;
				CLANG_WARN_UNREACHABLE_CODE = YES;
				CLANG_WARN__DUPLICATE_METHOD_MATCH = YES;
				COPY_PHASE_STRIP = NO;
				DEBUG_INFORMATION_FORMAT = dwarf;
				ENABLE_STRICT_OBJC_MSGSEND = YES;
				ENABLE_TESTABILITY = YES;
				ENABLE_USER_SCRIPT_SANDBOXING = YES;
				GCC_C_LANGUAGE_STANDARD = gnu17;
				GCC_DYNAMIC_NO_PIC = NO;
				GCC_NO_COMMON_BLOCKS = YES;
				GCC_OPTIMIZATION_LEVEL = 0;
				GCC_PREPROCESSOR_DEFINITIONS = (
					"DEBUG=1",
					"$(inherited)",
				);
				GCC_WARN_64_TO_32_BIT_CONVERSION = YES;
				GCC_WARN_ABOUT_RETURN_TYPE = YES_ERROR;
				GCC_WARN_UNDECLARED_SELECTOR = YES;
				GCC_WARN_UNINITIALIZED_AUTOS = YES_AGGRESSIVE;
				GCC_WARN_UNUSED_FUNCTION = YES;
				GCC_WARN_UNUSED_VARIABLE = YES;
				IPHONEOS_DEPLOYMENT_TARGET = 17.2;
				LOCALIZATION_PREFERS_STRING_CATALOGS = YES;
				MTL_ENABLE_DEBUG_INFO = INCLUDE_SOURCE;
				MTL_FAST_MATH = YES;
				ONLY_ACTIVE_ARCH = YES;
				SDKROOT = iphoneos;
				SWIFT_ACTIVE_COMPILATION_CONDITIONS = "DEBUG $(inherited)";
				SWIFT_OPTIMIZATION_LEVEL = "-Onone";
			};
			name = Debug;
		};
		49C93FCD2CAC4C1700D324C9 /* Release */ = {
			isa = XCBuildConfiguration;
			buildSettings = {
				ALWAYS_SEARCH_USER_PATHS = NO;
				ASSETCATALOG_COMPILER_GENERATE_SWIFT_ASSET_SYMBOL_EXTENSIONS = YES;
				CLANG_ANALYZER_NONNULL = YES;
				CLANG_ANALYZER_NUMBER_OBJECT_CONVERSION = YES_AGGRESSIVE;
				CLANG_CXX_LANGUAGE_STANDARD = "gnu++20";
				CLANG_ENABLE_MODULES = YES;
				CLANG_ENABLE_OBJC_ARC = YES;
				CLANG_ENABLE_OBJC_WEAK = YES;
				CLANG_WARN_BLOCK_CAPTURE_AUTORELEASING = YES;
				CLANG_WARN_BOOL_CONVERSION = YES;
				CLANG_WARN_COMMA = YES;
				CLANG_WARN_CONSTANT_CONVERSION = YES;
				CLANG_WARN_DEPRECATED_OBJC_IMPLEMENTATIONS = YES;
				CLANG_WARN_DIRECT_OBJC_ISA_USAGE = YES_ERROR;
				CLANG_WARN_DOCUMENTATION_COMMENTS = YES;
				CLANG_WARN_EMPTY_BODY = YES;
				CLANG_WARN_ENUM_CONVERSION = YES;
				CLANG_WARN_INFINITE_RECURSION = YES;
				CLANG_WARN_INT_CONVERSION = YES;
				CLANG_WARN_NON_LITERAL_NULL_CONVERSION = YES;
				CLANG_WARN_OBJC_IMPLICIT_RETAIN_SELF = YES;
				CLANG_WARN_OBJC_LITERAL_CONVERSION = YES;
				CLANG_WARN_OBJC_ROOT_CLASS = YES_ERROR;
				CLANG_WARN_QUOTED_INCLUDE_IN_FRAMEWORK_HEADER = YES;
				CLANG_WARN_RANGE_LOOP_ANALYSIS = YES;
				CLANG_WARN_STRICT_PROTOTYPES = YES;
				CLANG_WARN_SUSPICIOUS_MOVE = YES;
				CLANG_WARN_UNGUARDED_AVAILABILITY = YES_AGGRESSIVE;
				CLANG_WARN_UNREACHABLE_CODE = YES;
				CLANG_WARN__DUPLICATE_METHOD_MATCH = YES;
				COPY_PHASE_STRIP = NO;
				DEBUG_INFORMATION_FORMAT = "dwarf-with-dsym";
				ENABLE_NS_ASSERTIONS = NO;
				ENABLE_STRICT_OBJC_MSGSEND = YES;
				ENABLE_USER_SCRIPT_SANDBOXING = YES;
				GCC_C_LANGUAGE_STANDARD = gnu17;
				GCC_NO_COMMON_BLOCKS = YES;
				GCC_WARN_64_TO_32_BIT_CONVERSION = YES;
				GCC_WARN_ABOUT_RETURN_TYPE = YES_ERROR;
				GCC_WARN_UNDECLARED_SELECTOR = YES;
				GCC_WARN_UNINITIALIZED_AUTOS = YES_AGGRESSIVE;
				GCC_WARN_UNUSED_FUNCTION = YES;
				GCC_WARN_UNUSED_VARIABLE = YES;
				IPHONEOS_DEPLOYMENT_TARGET = 17.2;
				LOCALIZATION_PREFERS_STRING_CATALOGS = YES;
				MTL_ENABLE_DEBUG_INFO = NO;
				MTL_FAST_MATH = YES;
				SDKROOT = iphoneos;
				SWIFT_COMPILATION_MODE = wholemodule;
				VALIDATE_PRODUCT = YES;
			};
			name = Release;
		};
		49C93FCF2CAC4C1700D324C9 /* Debug */ = {
			isa = XCBuildConfiguration;
			buildSettings = {
				ASSETCATALOG_COMPILER_APPICON_NAME = AppIcon;
				ASSETCATALOG_COMPILER_GLOBAL_ACCENT_COLOR_NAME = AccentColor;
				CODE_SIGN_STYLE = Automatic;
				CURRENT_PROJECT_VERSION = 1;
				DEVELOPMENT_TEAM = HUSSB9QG5P;
				GENERATE_INFOPLIST_FILE = YES;
				INFOPLIST_FILE = MatchGameInClass/Info.plist;
				INFOPLIST_KEY_UIApplicationSupportsIndirectInputEvents = YES;
				INFOPLIST_KEY_UILaunchStoryboardName = LaunchScreen;
				INFOPLIST_KEY_UIMainStoryboardFile = Main;
				INFOPLIST_KEY_UISupportedInterfaceOrientations_iPad = "UIInterfaceOrientationPortrait UIInterfaceOrientationPortraitUpsideDown UIInterfaceOrientationLandscapeLeft UIInterfaceOrientationLandscapeRight";
				INFOPLIST_KEY_UISupportedInterfaceOrientations_iPhone = "UIInterfaceOrientationPortrait UIInterfaceOrientationLandscapeLeft UIInterfaceOrientationLandscapeRight";
				LD_RUNPATH_SEARCH_PATHS = (
					"$(inherited)",
					"@executable_path/Frameworks",
				);
				MARKETING_VERSION = 1.0;
				PRODUCT_BUNDLE_IDENTIFIER = stefanocasafranca.MatchGameInClass;
				PRODUCT_NAME = "$(TARGET_NAME)";
				SWIFT_EMIT_LOC_STRINGS = YES;
				SWIFT_VERSION = 5.0;
				TARGETED_DEVICE_FAMILY = "1,2";
			};
			name = Debug;
		};
		49C93FD02CAC4C1700D324C9 /* Release */ = {
			isa = XCBuildConfiguration;
			buildSettings = {
				ASSETCATALOG_COMPILER_APPICON_NAME = AppIcon;
				ASSETCATALOG_COMPILER_GLOBAL_ACCENT_COLOR_NAME = AccentColor;
				CODE_SIGN_STYLE = Automatic;
				CURRENT_PROJECT_VERSION = 1;
				DEVELOPMENT_TEAM = HUSSB9QG5P;
				GENERATE_INFOPLIST_FILE = YES;
				INFOPLIST_FILE = MatchGameInClass/Info.plist;
				INFOPLIST_KEY_UIApplicationSupportsIndirectInputEvents = YES;
				INFOPLIST_KEY_UILaunchStoryboardName = LaunchScreen;
				INFOPLIST_KEY_UIMainStoryboardFile = Main;
				INFOPLIST_KEY_UISupportedInterfaceOrientations_iPad = "UIInterfaceOrientationPortrait UIInterfaceOrientationPortraitUpsideDown UIInterfaceOrientationLandscapeLeft UIInterfaceOrientationLandscapeRight";
				INFOPLIST_KEY_UISupportedInterfaceOrientations_iPhone = "UIInterfaceOrientationPortrait UIInterfaceOrientationLandscapeLeft UIInterfaceOrientationLandscapeRight";
				LD_RUNPATH_SEARCH_PATHS = (
					"$(inherited)",
					"@executable_path/Frameworks",
				);
				MARKETING_VERSION = 1.0;
				PRODUCT_BUNDLE_IDENTIFIER = stefanocasafranca.MatchGameInClass;
				PRODUCT_NAME = "$(TARGET_NAME)";
				SWIFT_EMIT_LOC_STRINGS = YES;
				SWIFT_VERSION = 5.0;
				TARGETED_DEVICE_FAMILY = "1,2";
			};
			name = Release;
		};
		49C93FD22CAC4C1700D324C9 /* Debug */ = {
			isa = XCBuildConfiguration;
			buildSettings = {
				ALWAYS_EMBED_SWIFT_STANDARD_LIBRARIES = YES;
				BUNDLE_LOADER = "$(TEST_HOST)";
				CODE_SIGN_STYLE = Automatic;
				CURRENT_PROJECT_VERSION = 1;
				DEVELOPMENT_TEAM = HUSSB9QG5P;
				GENERATE_INFOPLIST_FILE = YES;
				IPHONEOS_DEPLOYMENT_TARGET = 17.2;
				MARKETING_VERSION = 1.0;
				PRODUCT_BUNDLE_IDENTIFIER = stefanocasafranca.MatchGameInClassTests;
				PRODUCT_NAME = "$(TARGET_NAME)";
				SWIFT_EMIT_LOC_STRINGS = NO;
				SWIFT_VERSION = 5.0;
				TARGETED_DEVICE_FAMILY = "1,2";
				TEST_HOST = "$(BUILT_PRODUCTS_DIR)/MatchGameInClass.app/$(BUNDLE_EXECUTABLE_FOLDER_PATH)/MatchGameInClass";
			};
			name = Debug;
		};
		49C93FD32CAC4C1700D324C9 /* Release */ = {
			isa = XCBuildConfiguration;
			buildSettings = {
				ALWAYS_EMBED_SWIFT_STANDARD_LIBRARIES = YES;
				BUNDLE_LOADER = "$(TEST_HOST)";
				CODE_SIGN_STYLE = Automatic;
				CURRENT_PROJECT_VERSION = 1;
				DEVELOPMENT_TEAM = HUSSB9QG5P;
				GENERATE_INFOPLIST_FILE = YES;
				IPHONEOS_DEPLOYMENT_TARGET = 17.2;
				MARKETING_VERSION = 1.0;
				PRODUCT_BUNDLE_IDENTIFIER = stefanocasafranca.MatchGameInClassTests;
				PRODUCT_NAME = "$(TARGET_NAME)";
				SWIFT_EMIT_LOC_STRINGS = NO;
				SWIFT_VERSION = 5.0;
				TARGETED_DEVICE_FAMILY = "1,2";
				TEST_HOST = "$(BUILT_PRODUCTS_DIR)/MatchGameInClass.app/$(BUNDLE_EXECUTABLE_FOLDER_PATH)/MatchGameInClass";
			};
			name = Release;
		};
		49C93FD52CAC4C1700D324C9 /* Debug */ = {
			isa = XCBuildConfiguration;
			buildSettings = {
				ALWAYS_EMBED_SWIFT_STANDARD_LIBRARIES = YES;
				CODE_SIGN_STYLE = Automatic;
				CURRENT_PROJECT_VERSION = 1;
				DEVELOPMENT_TEAM = HUSSB9QG5P;
				GENERATE_INFOPLIST_FILE = YES;
				MARKETING_VERSION = 1.0;
				PRODUCT_BUNDLE_IDENTIFIER = stefanocasafranca.MatchGameInClassUITests;
				PRODUCT_NAME = "$(TARGET_NAME)";
				SWIFT_EMIT_LOC_STRINGS = NO;
				SWIFT_VERSION = 5.0;
				TARGETED_DEVICE_FAMILY = "1,2";
				TEST_TARGET_NAME = MatchGameInClass;
			};
			name = Debug;
		};
		49C93FD62CAC4C1700D324C9 /* Release */ = {
			isa = XCBuildConfiguration;
			buildSettings = {
				ALWAYS_EMBED_SWIFT_STANDARD_LIBRARIES = YES;
				CODE_SIGN_STYLE = Automatic;
				CURRENT_PROJECT_VERSION = 1;
				DEVELOPMENT_TEAM = HUSSB9QG5P;
				GENERATE_INFOPLIST_FILE = YES;
				MARKETING_VERSION = 1.0;
				PRODUCT_BUNDLE_IDENTIFIER = stefanocasafranca.MatchGameInClassUITests;
				PRODUCT_NAME = "$(TARGET_NAME)";
				SWIFT_EMIT_LOC_STRINGS = NO;
				SWIFT_VERSION = 5.0;
				TARGETED_DEVICE_FAMILY = "1,2";
				TEST_TARGET_NAME = MatchGameInClass;
			};
			name = Release;
		};
/* End XCBuildConfiguration section */

/* Begin XCConfigurationList section */
		49C93F9F2CAC4C1500D324C9 /* Build configuration list for PBXProject "MatchGameInClass" */ = {
			isa = XCConfigurationList;
			buildConfigurations = (
				49C93FCC2CAC4C1700D324C9 /* Debug */,
				49C93FCD2CAC4C1700D324C9 /* Release */,
			);
			defaultConfigurationIsVisible = 0;
			defaultConfigurationName = Release;
		};
		49C93FCE2CAC4C1700D324C9 /* Build configuration list for PBXNativeTarget "MatchGameInClass" */ = {
			isa = XCConfigurationList;
			buildConfigurations = (
				49C93FCF2CAC4C1700D324C9 /* Debug */,
				49C93FD02CAC4C1700D324C9 /* Release */,
			);
			defaultConfigurationIsVisible = 0;
			defaultConfigurationName = Release;
		};
		49C93FD12CAC4C1700D324C9 /* Build configuration list for PBXNativeTarget "MatchGameInClassTests" */ = {
			isa = XCConfigurationList;
			buildConfigurations = (
				49C93FD22CAC4C1700D324C9 /* Debug */,
				49C93FD32CAC4C1700D324C9 /* Release */,
			);
			defaultConfigurationIsVisible = 0;
			defaultConfigurationName = Release;
		};
		49C93FD42CAC4C1700D324C9 /* Build configuration list for PBXNativeTarget "MatchGameInClassUITests" */ = {
			isa = XCConfigurationList;
			buildConfigurations = (
				49C93FD52CAC4C1700D324C9 /* Debug */,
				49C93FD62CAC4C1700D324C9 /* Release */,
			);
			defaultConfigurationIsVisible = 0;
			defaultConfigurationName = Release;
		};
/* End XCConfigurationList section */
	};
	rootObject = 49C93F9C2CAC4C1500D324C9 /* Project object */;
}
